// !$*UTF8*$!
{
	archiveVersion = 1;
	classes = {
	};
	objectVersion = 50;
	objects = {

/* Begin PBXBuildFile section */
		C613A51926A6D5F100DC2CB5 /* AppDelegate.swift in Sources */ = {isa = PBXBuildFile; fileRef = C613A51826A6D5F100DC2CB5 /* AppDelegate.swift */; };
		C613A51B26A6D5F100DC2CB5 /* SceneDelegate.swift in Sources */ = {isa = PBXBuildFile; fileRef = C613A51A26A6D5F100DC2CB5 /* SceneDelegate.swift */; };
		C613A51D26A6D5F100DC2CB5 /* ViewController.swift in Sources */ = {isa = PBXBuildFile; fileRef = C613A51C26A6D5F100DC2CB5 /* ViewController.swift */; };
		C613A52026A6D5F100DC2CB5 /* Main.storyboard in Resources */ = {isa = PBXBuildFile; fileRef = C613A51E26A6D5F100DC2CB5 /* Main.storyboard */; };
		C613A52226A6D5F500DC2CB5 /* Assets.xcassets in Resources */ = {isa = PBXBuildFile; fileRef = C613A52126A6D5F500DC2CB5 /* Assets.xcassets */; };
		C613A52526A6D5F500DC2CB5 /* LaunchScreen.storyboard in Resources */ = {isa = PBXBuildFile; fileRef = C613A52326A6D5F500DC2CB5 /* LaunchScreen.storyboard */; };
		C613A53026A6D5F600DC2CB5 /* TestingDataStructTests.swift in Sources */ = {isa = PBXBuildFile; fileRef = C613A52F26A6D5F600DC2CB5 /* TestingDataStructTests.swift */; };
		C613A53B26A6D5F600DC2CB5 /* TestingDataStructUITests.swift in Sources */ = {isa = PBXBuildFile; fileRef = C613A53A26A6D5F600DC2CB5 /* TestingDataStructUITests.swift */; };
/* End PBXBuildFile section */

/* Begin PBXContainerItemProxy section */
		C613A52C26A6D5F600DC2CB5 /* PBXContainerItemProxy */ = {
			isa = PBXContainerItemProxy;
			containerPortal = C613A50D26A6D5F100DC2CB5 /* Project object */;
			proxyType = 1;
			remoteGlobalIDString = C613A51426A6D5F100DC2CB5;
			remoteInfo = TestingDataStruct;
		};
		C613A53726A6D5F600DC2CB5 /* PBXContainerItemProxy */ = {
			isa = PBXContainerItemProxy;
			containerPortal = C613A50D26A6D5F100DC2CB5 /* Project object */;
			proxyType = 1;
			remoteGlobalIDString = C613A51426A6D5F100DC2CB5;
			remoteInfo = TestingDataStruct;
		};
/* End PBXContainerItemProxy section */

/* Begin PBXFileReference section */
		C613A51526A6D5F100DC2CB5 /* TestingDataStruct.app */ = {isa = PBXFileReference; explicitFileType = wrapper.application; includeInIndex = 0; path = TestingDataStruct.app; sourceTree = BUILT_PRODUCTS_DIR; };
		C613A51826A6D5F100DC2CB5 /* AppDelegate.swift */ = {isa = PBXFileReference; lastKnownFileType = sourcecode.swift; path = AppDelegate.swift; sourceTree = "<group>"; };
		C613A51A26A6D5F100DC2CB5 /* SceneDelegate.swift */ = {isa = PBXFileReference; lastKnownFileType = sourcecode.swift; path = SceneDelegate.swift; sourceTree = "<group>"; };
		C613A51C26A6D5F100DC2CB5 /* ViewController.swift */ = {isa = PBXFileReference; lastKnownFileType = sourcecode.swift; path = ViewController.swift; sourceTree = "<group>"; };
		C613A51F26A6D5F100DC2CB5 /* Base */ = {isa = PBXFileReference; lastKnownFileType = file.storyboard; name = Base; path = Base.lproj/Main.storyboard; sourceTree = "<group>"; };
		C613A52126A6D5F500DC2CB5 /* Assets.xcassets */ = {isa = PBXFileReference; lastKnownFileType = folder.assetcatalog; path = Assets.xcassets; sourceTree = "<group>"; };
		C613A52426A6D5F500DC2CB5 /* Base */ = {isa = PBXFileReference; lastKnownFileType = file.storyboard; name = Base; path = Base.lproj/LaunchScreen.storyboard; sourceTree = "<group>"; };
		C613A52626A6D5F500DC2CB5 /* Info.plist */ = {isa = PBXFileReference; lastKnownFileType = text.plist.xml; path = Info.plist; sourceTree = "<group>"; };
		C613A52B26A6D5F600DC2CB5 /* TestingDataStructTests.xctest */ = {isa = PBXFileReference; explicitFileType = wrapper.cfbundle; includeInIndex = 0; path = TestingDataStructTests.xctest; sourceTree = BUILT_PRODUCTS_DIR; };
		C613A52F26A6D5F600DC2CB5 /* TestingDataStructTests.swift */ = {isa = PBXFileReference; lastKnownFileType = sourcecode.swift; path = TestingDataStructTests.swift; sourceTree = "<group>"; };
		C613A53126A6D5F600DC2CB5 /* Info.plist */ = {isa = PBXFileReference; lastKnownFileType = text.plist.xml; path = Info.plist; sourceTree = "<group>"; };
		C613A53626A6D5F600DC2CB5 /* TestingDataStructUITests.xctest */ = {isa = PBXFileReference; explicitFileType = wrapper.cfbundle; includeInIndex = 0; path = TestingDataStructUITests.xctest; sourceTree = BUILT_PRODUCTS_DIR; };
		C613A53A26A6D5F600DC2CB5 /* TestingDataStructUITests.swift */ = {isa = PBXFileReference; lastKnownFileType = sourcecode.swift; path = TestingDataStructUITests.swift; sourceTree = "<group>"; };
		C613A53C26A6D5F600DC2CB5 /* Info.plist */ = {isa = PBXFileReference; lastKnownFileType = text.plist.xml; path = Info.plist; sourceTree = "<group>"; };
/* End PBXFileReference section */

/* Begin PBXFrameworksBuildPhase section */
		C613A51226A6D5F100DC2CB5 /* Frameworks */ = {
			isa = PBXFrameworksBuildPhase;
			buildActionMask = 2147483647;
			files = (
			);
			runOnlyForDeploymentPostprocessing = 0;
		};
		C613A52826A6D5F600DC2CB5 /* Frameworks */ = {
			isa = PBXFrameworksBuildPhase;
			buildActionMask = 2147483647;
			files = (
			);
			runOnlyForDeploymentPostprocessing = 0;
		};
		C613A53326A6D5F600DC2CB5 /* Frameworks */ = {
			isa = PBXFrameworksBuildPhase;
			buildActionMask = 2147483647;
			files = (
			);
			runOnlyForDeploymentPostprocessing = 0;
		};
/* End PBXFrameworksBuildPhase section */

/* Begin PBXGroup section */
		C613A50C26A6D5F100DC2CB5 = {
			isa = PBXGroup;
			children = (
				C613A51726A6D5F100DC2CB5 /* TestingDataStruct */,
				C613A52E26A6D5F600DC2CB5 /* TestingDataStructTests */,
				C613A53926A6D5F600DC2CB5 /* TestingDataStructUITests */,
				C613A51626A6D5F100DC2CB5 /* Products */,
			);
			sourceTree = "<group>";
		};
		C613A51626A6D5F100DC2CB5 /* Products */ = {
			isa = PBXGroup;
			children = (
				C613A51526A6D5F100DC2CB5 /* TestingDataStruct.app */,
				C613A52B26A6D5F600DC2CB5 /* TestingDataStructTests.xctest */,
				C613A53626A6D5F600DC2CB5 /* TestingDataStructUITests.xctest */,
			);
			name = Products;
			sourceTree = "<group>";
		};
		C613A51726A6D5F100DC2CB5 /* TestingDataStruct */ = {
			isa = PBXGroup;
			children = (
				C613A51826A6D5F100DC2CB5 /* AppDelegate.swift */,
				C613A51A26A6D5F100DC2CB5 /* SceneDelegate.swift */,
				C613A51C26A6D5F100DC2CB5 /* ViewController.swift */,
				C613A51E26A6D5F100DC2CB5 /* Main.storyboard */,
				C613A52126A6D5F500DC2CB5 /* Assets.xcassets */,
				C613A52326A6D5F500DC2CB5 /* LaunchScreen.storyboard */,
				C613A52626A6D5F500DC2CB5 /* Info.plist */,
			);
			path = TestingDataStruct;
			sourceTree = "<group>";
		};
		C613A52E26A6D5F600DC2CB5 /* TestingDataStructTests */ = {
			isa = PBXGroup;
			children = (
				C613A52F26A6D5F600DC2CB5 /* TestingDataStructTests.swift */,
				C613A53126A6D5F600DC2CB5 /* Info.plist */,
			);
			path = TestingDataStructTests;
			sourceTree = "<group>";
		};
		C613A53926A6D5F600DC2CB5 /* TestingDataStructUITests */ = {
			isa = PBXGroup;
			children = (
				C613A53A26A6D5F600DC2CB5 /* TestingDataStructUITests.swift */,
				C613A53C26A6D5F600DC2CB5 /* Info.plist */,
			);
			path = TestingDataStructUITests;
			sourceTree = "<group>";
		};
/* End PBXGroup section */

/* Begin PBXNativeTarget section */
		C613A51426A6D5F100DC2CB5 /* TestingDataStruct */ = {
			isa = PBXNativeTarget;
			buildConfigurationList = C613A53F26A6D5F600DC2CB5 /* Build configuration list for PBXNativeTarget "TestingDataStruct" */;
			buildPhases = (
				C613A51126A6D5F100DC2CB5 /* Sources */,
				C613A51226A6D5F100DC2CB5 /* Frameworks */,
				C613A51326A6D5F100DC2CB5 /* Resources */,
			);
			buildRules = (
			);
			dependencies = (
			);
			name = TestingDataStruct;
			productName = TestingDataStruct;
			productReference = C613A51526A6D5F100DC2CB5 /* TestingDataStruct.app */;
			productType = "com.apple.product-type.application";
		};
		C613A52A26A6D5F600DC2CB5 /* TestingDataStructTests */ = {
			isa = PBXNativeTarget;
			buildConfigurationList = C613A54226A6D5F600DC2CB5 /* Build configuration list for PBXNativeTarget "TestingDataStructTests" */;
			buildPhases = (
				C613A52726A6D5F600DC2CB5 /* Sources */,
				C613A52826A6D5F600DC2CB5 /* Frameworks */,
				C613A52926A6D5F600DC2CB5 /* Resources */,
			);
			buildRules = (
			);
			dependencies = (
				C613A52D26A6D5F600DC2CB5 /* PBXTargetDependency */,
			);
			name = TestingDataStructTests;
			productName = TestingDataStructTests;
			productReference = C613A52B26A6D5F600DC2CB5 /* TestingDataStructTests.xctest */;
			productType = "com.apple.product-type.bundle.unit-test";
		};
		C613A53526A6D5F600DC2CB5 /* TestingDataStructUITests */ = {
			isa = PBXNativeTarget;
			buildConfigurationList = C613A54526A6D5F600DC2CB5 /* Build configuration list for PBXNativeTarget "TestingDataStructUITests" */;
			buildPhases = (
				C613A53226A6D5F600DC2CB5 /* Sources */,
				C613A53326A6D5F600DC2CB5 /* Frameworks */,
				C613A53426A6D5F600DC2CB5 /* Resources */,
			);
			buildRules = (
			);
			dependencies = (
				C613A53826A6D5F600DC2CB5 /* PBXTargetDependency */,
			);
			name = TestingDataStructUITests;
			productName = TestingDataStructUITests;
			productReference = C613A53626A6D5F600DC2CB5 /* TestingDataStructUITests.xctest */;
			productType = "com.apple.product-type.bundle.ui-testing";
		};
/* End PBXNativeTarget section */

/* Begin PBXProject section */
		C613A50D26A6D5F100DC2CB5 /* Project object */ = {
			isa = PBXProject;
			attributes = {
				LastSwiftUpdateCheck = 1250;
				LastUpgradeCheck = 1250;
				TargetAttributes = {
					C613A51426A6D5F100DC2CB5 = {
						CreatedOnToolsVersion = 12.5.1;
					};
					C613A52A26A6D5F600DC2CB5 = {
						CreatedOnToolsVersion = 12.5.1;
						TestTargetID = C613A51426A6D5F100DC2CB5;
					};
					C613A53526A6D5F600DC2CB5 = {
						CreatedOnToolsVersion = 12.5.1;
						TestTargetID = C613A51426A6D5F100DC2CB5;
					};
				};
			};
			buildConfigurationList = C613A51026A6D5F100DC2CB5 /* Build configuration list for PBXProject "TestingDataStruct" */;
			compatibilityVersion = "Xcode 9.3";
			developmentRegion = en;
			hasScannedForEncodings = 0;
			knownRegions = (
				en,
				Base,
			);
			mainGroup = C613A50C26A6D5F100DC2CB5;
			productRefGroup = C613A51626A6D5F100DC2CB5 /* Products */;
			projectDirPath = "";
			projectRoot = "";
			targets = (
				C613A51426A6D5F100DC2CB5 /* TestingDataStruct */,
				C613A52A26A6D5F600DC2CB5 /* TestingDataStructTests */,
				C613A53526A6D5F600DC2CB5 /* TestingDataStructUITests */,
			);
		};
/* End PBXProject section */

/* Begin PBXResourcesBuildPhase section */
		C613A51326A6D5F100DC2CB5 /* Resources */ = {
			isa = PBXResourcesBuildPhase;
			buildActionMask = 2147483647;
			files = (
				C613A52526A6D5F500DC2CB5 /* LaunchScreen.storyboard in Resources */,
				C613A52226A6D5F500DC2CB5 /* Assets.xcassets in Resources */,
				C613A52026A6D5F100DC2CB5 /* Main.storyboard in Resources */,
			);
			runOnlyForDeploymentPostprocessing = 0;
		};
		C613A52926A6D5F600DC2CB5 /* Resources */ = {
			isa = PBXResourcesBuildPhase;
			buildActionMask = 2147483647;
			files = (
			);
			runOnlyForDeploymentPostprocessing = 0;
		};
		C613A53426A6D5F600DC2CB5 /* Resources */ = {
			isa = PBXResourcesBuildPhase;
			buildActionMask = 2147483647;
			files = (
			);
			runOnlyForDeploymentPostprocessing = 0;
		};
/* End PBXResourcesBuildPhase section */

/* Begin PBXSourcesBuildPhase section */
		C613A51126A6D5F100DC2CB5 /* Sources */ = {
			isa = PBXSourcesBuildPhase;
			buildActionMask = 2147483647;
			files = (
				C613A51D26A6D5F100DC2CB5 /* ViewController.swift in Sources */,
				C613A51926A6D5F100DC2CB5 /* AppDelegate.swift in Sources */,
				C613A51B26A6D5F100DC2CB5 /* SceneDelegate.swift in Sources */,
			);
			runOnlyForDeploymentPostprocessing = 0;
		};
		C613A52726A6D5F600DC2CB5 /* Sources */ = {
			isa = PBXSourcesBuildPhase;
			buildActionMask = 2147483647;
			files = (
				C613A53026A6D5F600DC2CB5 /* TestingDataStructTests.swift in Sources */,
			);
			runOnlyForDeploymentPostprocessing = 0;
		};
		C613A53226A6D5F600DC2CB5 /* Sources */ = {
			isa = PBXSourcesBuildPhase;
			buildActionMask = 2147483647;
			files = (
				C613A53B26A6D5F600DC2CB5 /* TestingDataStructUITests.swift in Sources */,
			);
			runOnlyForDeploymentPostprocessing = 0;
		};
/* End PBXSourcesBuildPhase section */

/* Begin PBXTargetDependency section */
		C613A52D26A6D5F600DC2CB5 /* PBXTargetDependency */ = {
			isa = PBXTargetDependency;
			target = C613A51426A6D5F100DC2CB5 /* TestingDataStruct */;
			targetProxy = C613A52C26A6D5F600DC2CB5 /* PBXContainerItemProxy */;
		};
		C613A53826A6D5F600DC2CB5 /* PBXTargetDependency */ = {
			isa = PBXTargetDependency;
			target = C613A51426A6D5F100DC2CB5 /* TestingDataStruct */;
			targetProxy = C613A53726A6D5F600DC2CB5 /* PBXContainerItemProxy */;
		};
/* End PBXTargetDependency section */

/* Begin PBXVariantGroup section */
		C613A51E26A6D5F100DC2CB5 /* Main.storyboard */ = {
			isa = PBXVariantGroup;
			children = (
				C613A51F26A6D5F100DC2CB5 /* Base */,
			);
			name = Main.storyboard;
			sourceTree = "<group>";
		};
		C613A52326A6D5F500DC2CB5 /* LaunchScreen.storyboard */ = {
			isa = PBXVariantGroup;
			children = (
				C613A52426A6D5F500DC2CB5 /* Base */,
			);
			name = LaunchScreen.storyboard;
			sourceTree = "<group>";
		};
/* End PBXVariantGroup section */

/* Begin XCBuildConfiguration section */
		C613A53D26A6D5F600DC2CB5 /* Debug */ = {
			isa = XCBuildConfiguration;
			buildSettings = {
				ALWAYS_SEARCH_USER_PATHS = NO;
				CLANG_ANALYZER_NONNULL = YES;
				CLANG_ANALYZER_NUMBER_OBJECT_CONVERSION = YES_AGGRESSIVE;
				CLANG_CXX_LANGUAGE_STANDARD = "gnu++14";
				CLANG_CXX_LIBRARY = "libc++";
				CLANG_ENABLE_MODULES = YES;
				CLANG_ENABLE_OBJC_ARC = YES;
				CLANG_ENABLE_OBJC_WEAK = YES;
				CLANG_WARN_BLOCK_CAPTURE_AUTORELEASING = YES;
				CLANG_WARN_BOOL_CONVERSION = YES;
				CLANG_WARN_COMMA = YES;
				CLANG_WARN_CONSTANT_CONVERSION = YES;
				CLANG_WARN_DEPRECATED_OBJC_IMPLEMENTATIONS = YES;
				CLANG_WARN_DIRECT_OBJC_ISA_USAGE = YES_ERROR;
				CLANG_WARN_DOCUMENTATION_COMMENTS = YES;
				CLANG_WARN_EMPTY_BODY = YES;
				CLANG_WARN_ENUM_CONVERSION = YES;
				CLANG_WARN_INFINITE_RECURSION = YES;
				CLANG_WARN_INT_CONVERSION = YES;
				CLANG_WARN_NON_LITERAL_NULL_CONVERSION = YES;
				CLANG_WARN_OBJC_IMPLICIT_RETAIN_SELF = YES;
				CLANG_WARN_OBJC_LITERAL_CONVERSION = YES;
				CLANG_WARN_OBJC_ROOT_CLASS = YES_ERROR;
				CLANG_WARN_QUOTED_INCLUDE_IN_FRAMEWORK_HEADER = YES;
				CLANG_WARN_RANGE_LOOP_ANALYSIS = YES;
				CLANG_WARN_STRICT_PROTOTYPES = YES;
				CLANG_WARN_SUSPICIOUS_MOVE = YES;
				CLANG_WARN_UNGUARDED_AVAILABILITY = YES_AGGRESSIVE;
				CLANG_WARN_UNREACHABLE_CODE = YES;
				CLANG_WARN__DUPLICATE_METHOD_MATCH = YES;
				COPY_PHASE_STRIP = NO;
				DEBUG_INFORMATION_FORMAT = dwarf;
				ENABLE_STRICT_OBJC_MSGSEND = YES;
				ENABLE_TESTABILITY = YES;
				GCC_C_LANGUAGE_STANDARD = gnu11;
				GCC_DYNAMIC_NO_PIC = NO;
				GCC_NO_COMMON_BLOCKS = YES;
				GCC_OPTIMIZATION_LEVEL = 0;
				GCC_PREPROCESSOR_DEFINITIONS = (
					"DEBUG=1",
					"$(inherited)",
				);
				GCC_WARN_64_TO_32_BIT_CONVERSION = YES;
				GCC_WARN_ABOUT_RETURN_TYPE = YES_ERROR;
				GCC_WARN_UNDECLARED_SELECTOR = YES;
				GCC_WARN_UNINITIALIZED_AUTOS = YES_AGGRESSIVE;
				GCC_WARN_UNUSED_FUNCTION = YES;
				GCC_WARN_UNUSED_VARIABLE = YES;
				IPHONEOS_DEPLOYMENT_TARGET = 14.5;
				MTL_ENABLE_DEBUG_INFO = INCLUDE_SOURCE;
				MTL_FAST_MATH = YES;
				ONLY_ACTIVE_ARCH = YES;
				SDKROOT = iphoneos;
				SWIFT_ACTIVE_COMPILATION_CONDITIONS = DEBUG;
				SWIFT_OPTIMIZATION_LEVEL = "-Onone";
			};
			name = Debug;
		};
		C613A53E26A6D5F600DC2CB5 /* Release */ = {
			isa = XCBuildConfiguration;
			buildSettings = {
				ALWAYS_SEARCH_USER_PATHS = NO;
				CLANG_ANALYZER_NONNULL = YES;
				CLANG_ANALYZER_NUMBER_OBJECT_CONVERSION = YES_AGGRESSIVE;
				CLANG_CXX_LANGUAGE_STANDARD = "gnu++14";
				CLANG_CXX_LIBRARY = "libc++";
				CLANG_ENABLE_MODULES = YES;
				CLANG_ENABLE_OBJC_ARC = YES;
				CLANG_ENABLE_OBJC_WEAK = YES;
				CLANG_WARN_BLOCK_CAPTURE_AUTORELEASING = YES;
				CLANG_WARN_BOOL_CONVERSION = YES;
				CLANG_WARN_COMMA = YES;
				CLANG_WARN_CONSTANT_CONVERSION = YES;
				CLANG_WARN_DEPRECATED_OBJC_IMPLEMENTATIONS = YES;
				CLANG_WARN_DIRECT_OBJC_ISA_USAGE = YES_ERROR;
				CLANG_WARN_DOCUMENTATION_COMMENTS = YES;
				CLANG_WARN_EMPTY_BODY = YES;
				CLANG_WARN_ENUM_CONVERSION = YES;
				CLANG_WARN_INFINITE_RECURSION = YES;
				CLANG_WARN_INT_CONVERSION = YES;
				CLANG_WARN_NON_LITERAL_NULL_CONVERSION = YES;
				CLANG_WARN_OBJC_IMPLICIT_RETAIN_SELF = YES;
				CLANG_WARN_OBJC_LITERAL_CONVERSION = YES;
				CLANG_WARN_OBJC_ROOT_CLASS = YES_ERROR;
				CLANG_WARN_QUOTED_INCLUDE_IN_FRAMEWORK_HEADER = YES;
				CLANG_WARN_RANGE_LOOP_ANALYSIS = YES;
				CLANG_WARN_STRICT_PROTOTYPES = YES;
				CLANG_WARN_SUSPICIOUS_MOVE = YES;
				CLANG_WARN_UNGUARDED_AVAILABILITY = YES_AGGRESSIVE;
				CLANG_WARN_UNREACHABLE_CODE = YES;
				CLANG_WARN__DUPLICATE_METHOD_MATCH = YES;
				COPY_PHASE_STRIP = NO;
				DEBUG_INFORMATION_FORMAT = "dwarf-with-dsym";
				ENABLE_NS_ASSERTIONS = NO;
				ENABLE_STRICT_OBJC_MSGSEND = YES;
				GCC_C_LANGUAGE_STANDARD = gnu11;
				GCC_NO_COMMON_BLOCKS = YES;
				GCC_WARN_64_TO_32_BIT_CONVERSION = YES;
				GCC_WARN_ABOUT_RETURN_TYPE = YES_ERROR;
				GCC_WARN_UNDECLARED_SELECTOR = YES;
				GCC_WARN_UNINITIALIZED_AUTOS = YES_AGGRESSIVE;
				GCC_WARN_UNUSED_FUNCTION = YES;
				GCC_WARN_UNUSED_VARIABLE = YES;
				IPHONEOS_DEPLOYMENT_TARGET = 14.5;
				MTL_ENABLE_DEBUG_INFO = NO;
				MTL_FAST_MATH = YES;
				SDKROOT = iphoneos;
				SWIFT_COMPILATION_MODE = wholemodule;
				SWIFT_OPTIMIZATION_LEVEL = "-O";
				VALIDATE_PRODUCT = YES;
			};
			name = Release;
		};
		C613A54026A6D5F600DC2CB5 /* Debug */ = {
			isa = XCBuildConfiguration;
			buildSettings = {
				ASSETCATALOG_COMPILER_APPICON_NAME = AppIcon;
				ASSETCATALOG_COMPILER_GLOBAL_ACCENT_COLOR_NAME = AccentColor;
				CODE_SIGN_STYLE = Automatic;
				DEVELOPMENT_TEAM = 8VPJASHB6G;
				INFOPLIST_FILE = TestingDataStruct/Info.plist;
				LD_RUNPATH_SEARCH_PATHS = (
					"$(inherited)",
					"@executable_path/Frameworks",
				);
				PRODUCT_BUNDLE_IDENTIFIER = com.rbtechsolutions.TestingDataStruct;
				PRODUCT_NAME = "$(TARGET_NAME)";
				SWIFT_VERSION = 5.0;
				TARGETED_DEVICE_FAMILY = "1,2";
			};
			name = Debug;
		};
		C613A54126A6D5F600DC2CB5 /* Release */ = {
			isa = XCBuildConfiguration;
			buildSettings = {
				ASSETCATALOG_COMPILER_APPICON_NAME = AppIcon;
				ASSETCATALOG_COMPILER_GLOBAL_ACCENT_COLOR_NAME = AccentColor;
				CODE_SIGN_STYLE = Automatic;
				DEVELOPMENT_TEAM = 8VPJASHB6G;
				INFOPLIST_FILE = TestingDataStruct/Info.plist;
				LD_RUNPATH_SEARCH_PATHS = (
					"$(inherited)",
					"@executable_path/Frameworks",
				);
				PRODUCT_BUNDLE_IDENTIFIER = com.rbtechsolutions.TestingDataStruct;
				PRODUCT_NAME = "$(TARGET_NAME)";
				SWIFT_VERSION = 5.0;
				TARGETED_DEVICE_FAMILY = "1,2";
			};
			name = Release;
		};
		C613A54326A6D5F600DC2CB5 /* Debug */ = {
			isa = XCBuildConfiguration;
			buildSettings = {
				ALWAYS_EMBED_SWIFT_STANDARD_LIBRARIES = YES;
				BUNDLE_LOADER = "$(TEST_HOST)";
				CODE_SIGN_STYLE = Automatic;
				DEVELOPMENT_TEAM = 8VPJASHB6G;
				INFOPLIST_FILE = TestingDataStructTests/Info.plist;
				IPHONEOS_DEPLOYMENT_TARGET = 14.5;
				LD_RUNPATH_SEARCH_PATHS = (
					"$(inherited)",
					"@executable_path/Frameworks",
					"@loader_path/Frameworks",
				);
				PRODUCT_BUNDLE_IDENTIFIER = com.rbtechsolutions.TestingDataStructTests;
				PRODUCT_NAME = "$(TARGET_NAME)";
				SWIFT_VERSION = 5.0;
				TARGETED_DEVICE_FAMILY = "1,2";
				TEST_HOST = "$(BUILT_PRODUCTS_DIR)/TestingDataStruct.app/TestingDataStruct";
			};
			name = Debug;
		};
		C613A54426A6D5F600DC2CB5 /* Release */ = {
			isa = XCBuildConfiguration;
			buildSettings = {
				ALWAYS_EMBED_SWIFT_STANDARD_LIBRARIES = YES;
				BUNDLE_LOADER = "$(TEST_HOST)";
				CODE_SIGN_STYLE = Automatic;
				DEVELOPMENT_TEAM = 8VPJASHB6G;
				INFOPLIST_FILE = TestingDataStructTests/Info.plist;
				IPHONEOS_DEPLOYMENT_TARGET = 14.5;
				LD_RUNPATH_SEARCH_PATHS = (
					"$(inherited)",
					"@executable_path/Frameworks",
					"@loader_path/Frameworks",
				);
				PRODUCT_BUNDLE_IDENTIFIER = com.rbtechsolutions.TestingDataStructTests;
				PRODUCT_NAME = "$(TARGET_NAME)";
				SWIFT_VERSION = 5.0;
				TARGETED_DEVICE_FAMILY = "1,2";
				TEST_HOST = "$(BUILT_PRODUCTS_DIR)/TestingDataStruct.app/TestingDataStruct";
			};
			name = Release;
		};
		C613A54626A6D5F600DC2CB5 /* Debug */ = {
			isa = XCBuildConfiguration;
			buildSettings = {
				ALWAYS_EMBED_SWIFT_STANDARD_LIBRARIES = YES;
				CODE_SIGN_STYLE = Automatic;
				DEVELOPMENT_TEAM = 8VPJASHB6G;
				INFOPLIST_FILE = TestingDataStructUITests/Info.plist;
				LD_RUNPATH_SEARCH_PATHS = (
					"$(inherited)",
					"@executable_path/Frameworks",
					"@loader_path/Frameworks",
				);
				PRODUCT_BUNDLE_IDENTIFIER = com.rbtechsolutions.TestingDataStructUITests;
				PRODUCT_NAME = "$(TARGET_NAME)";
				SWIFT_VERSION = 5.0;
				TARGETED_DEVICE_FAMILY = "1,2";
				TEST_TARGET_NAME = TestingDataStruct;
			};
			name = Debug;
		};
		C613A54726A6D5F600DC2CB5 /* Release */ = {
			isa = XCBuildConfiguration;
			buildSettings = {
				ALWAYS_EMBED_SWIFT_STANDARD_LIBRARIES = YES;
				CODE_SIGN_STYLE = Automatic;
				DEVELOPMENT_TEAM = 8VPJASHB6G;
				INFOPLIST_FILE = TestingDataStructUITests/Info.plist;
				LD_RUNPATH_SEARCH_PATHS = (
					"$(inherited)",
					"@executable_path/Frameworks",
					"@loader_path/Frameworks",
				);
				PRODUCT_BUNDLE_IDENTIFIER = com.rbtechsolutions.TestingDataStructUITests;
				PRODUCT_NAME = "$(TARGET_NAME)";
				SWIFT_VERSION = 5.0;
				TARGETED_DEVICE_FAMILY = "1,2";
				TEST_TARGET_NAME = TestingDataStruct;
			};
			name = Release;
		};
/* End XCBuildConfiguration section */

/* Begin XCConfigurationList section */
		C613A51026A6D5F100DC2CB5 /* Build configuration list for PBXProject "TestingDataStruct" */ = {
			isa = XCConfigurationList;
			buildConfigurations = (
				C613A53D26A6D5F600DC2CB5 /* Debug */,
				C613A53E26A6D5F600DC2CB5 /* Release */,
			);
			defaultConfigurationIsVisible = 0;
			defaultConfigurationName = Release;
		};
		C613A53F26A6D5F600DC2CB5 /* Build configuration list for PBXNativeTarget "TestingDataStruct" */ = {
			isa = XCConfigurationList;
			buildConfigurations = (
				C613A54026A6D5F600DC2CB5 /* Debug */,
				C613A54126A6D5F600DC2CB5 /* Release */,
			);
			defaultConfigurationIsVisible = 0;
			defaultConfigurationName = Release;
		};
		C613A54226A6D5F600DC2CB5 /* Build configuration list for PBXNativeTarget "TestingDataStructTests" */ = {
			isa = XCConfigurationList;
			buildConfigurations = (
				C613A54326A6D5F600DC2CB5 /* Debug */,
				C613A54426A6D5F600DC2CB5 /* Release */,
			);
			defaultConfigurationIsVisible = 0;
			defaultConfigurationName = Release;
		};
		C613A54526A6D5F600DC2CB5 /* Build configuration list for PBXNativeTarget "TestingDataStructUITests" */ = {
			isa = XCConfigurationList;
			buildConfigurations = (
				C613A54626A6D5F600DC2CB5 /* Debug */,
				C613A54726A6D5F600DC2CB5 /* Release */,
			);
			defaultConfigurationIsVisible = 0;
			defaultConfigurationName = Release;
		};
/* End XCConfigurationList section */
	};
	rootObject = C613A50D26A6D5F100DC2CB5 /* Project object */;
}
